
Microsoft Visual Studio Solution File, Format Version 12.00
# Visual Studio Version 16
VisualStudioVersion = 16.0.30011.22
MinimumVisualStudioVersion = 10.0.40219.1
Project("{FAE04EC0-301F-11D3-BF4B-00C04F79EFBC}") = "newEstate", "newEstate\newEstate.csproj", "{D6B8C488-6964-4673-8344-2BAD0D90B75C}"
EndProject
Global
	GlobalSection(SolutionConfigurationPlatforms) = preSolution
		Debug|Any CPU = Debug|Any CPU
		Release|Any CPU = Release|Any CPU
	EndGlobalSection
	GlobalSection(ProjectConfigurationPlatforms) = postSolution
		{D6B8C488-6964-4673-8344-2BAD0D90B75C}.Debug|Any CPU.ActiveCfg = Debug|Any CPU
		{D6B8C488-6964-4673-8344-2BAD0D90B75C}.Debug|Any CPU.Build.0 = Debug|Any CPU
		{D6B8C488-6964-4673-8344-2BAD0D90B75C}.Release|Any CPU.ActiveCfg = Release|Any CPU
		{D6B8C488-6964-4673-8344-2BAD0D90B75C}.Release|Any CPU.Build.0 = Release|Any CPU
	EndGlobalSection
	GlobalSection(SolutionProperties) = preSolution
		HideSolutionNode = FALSE
	EndGlobalSection
	GlobalSection(ExtensibilityGlobals) = postSolution
		SolutionGuid = {CF1B528A-7ED3-4153-97DE-E9270209D6E7}
	EndGlobalSection
EndGlobal
